{
  "name": "lintReviewTest",
  "version": "1.0.0",
  "lockfileVersion": 1,
  "requires": true,
  "dependencies": {
    "@ember-data/rfc395-data": {
      "version": "0.0.4",
      "resolved": "https://registry.npmjs.org/@ember-data/rfc395-data/-/rfc395-data-0.0.4.tgz",
      "integrity": "sha512-tGRdvgC9/QMQSuSuJV45xoyhI0Pzjm7A9o/MVVA3HakXIImJbbzx/k/6dO9CUEQXIyS2y0fW6C1XaYOG7rY0FQ==",
      "dev": true
    },
    "dot-case": {
      "version": "3.0.3",
      "resolved": "https://registry.npmjs.org/dot-case/-/dot-case-3.0.3.tgz",
      "integrity": "sha512-7hwEmg6RiSQfm/GwPL4AAWXKy3YNNZA3oFv2Pdiey0mwkRCPZ9x6SZbkLcn8Ma5PYeVokzoD4Twv2n7LKp5WeA==",
      "dev": true,
      "requires": {
        "no-case": "^3.0.3",
        "tslib": "^1.10.0"
      }
    },
    "ember-rfc176-data": {
      "version": "0.3.13",
      "resolved": "https://registry.npmjs.org/ember-rfc176-data/-/ember-rfc176-data-0.3.13.tgz",
      "integrity": "sha512-m9JbwQlT6PjY7x/T8HslnXP7Sz9bx/pz3FrNfNi2NesJnbNISly0Lix6NV1fhfo46572cpq4jrM+/6yYlMefTQ==",
      "dev": true
    },
    "eslint-config-prettier": {
      "version": "6.11.0",
      "resolved": "https://registry.npmjs.org/eslint-config-prettier/-/eslint-config-prettier-6.11.0.tgz",
      "integrity": "sha512-oB8cpLWSAjOVFEJhhyMZh6NOEOtBVziaqdDQ86+qhDHFbZXoRTM7pNSvFRfW/W/L/LrQ38C99J5CGuRBBzBsdA==",
      "dev": true,
      "requires": {
        "get-stdin": "^6.0.0"
      }
    },
    "eslint-plugin-ember": {
      "version": "8.5.2",
      "resolved": "https://registry.npmjs.org/eslint-plugin-ember/-/eslint-plugin-ember-8.5.2.tgz",
      "integrity": "sha512-dLA3W2GpPYRszKL9smw/S0aj0KxUiL1vlvQMDWsiuvcCCwgE/fGZ2FbdmicR/ssMnW5elRfNVPKQdS2B91AMxA==",
      "dev": true,
      "requires": {
        "@ember-data/rfc395-data": "^0.0.4",
        "ember-rfc176-data": "^0.3.13",
        "snake-case": "^3.0.3"
      }
    },
    "eslint-plugin-prettier": {
      "version": "3.1.3",
      "resolved": "https://registry.npmjs.org/eslint-plugin-prettier/-/eslint-plugin-prettier-3.1.3.tgz",
      "integrity": "sha512-+HG5jmu/dN3ZV3T6eCD7a4BlAySdN7mLIbJYo0z1cFQuI+r2DiTJEFeF68ots93PsnrMxbzIZ2S/ieX+mkrBeQ==",
      "dev": true,
      "requires": {
        "prettier-linter-helpers": "^1.0.0"
      }
    },
    "fast-diff": {
      "version": "1.2.0",
      "resolved": "https://registry.npmjs.org/fast-diff/-/fast-diff-1.2.0.tgz",
      "integrity": "sha512-xJuoT5+L99XlZ8twedaRf6Ax2TgQVxvgZOYoPKqZufmJib0tL2tegPBOZb1pVNgIhlqDlA0eO0c3wBvQcmzx4w==",
      "dev": true
    },
    "get-stdin": {
      "version": "6.0.0",
      "resolved": "https://registry.npmjs.org/get-stdin/-/get-stdin-6.0.0.tgz",
      "integrity": "sha512-jp4tHawyV7+fkkSKyvjuLZswblUtz+SQKzSWnBbii16BuZksJlU1wuBYXY75r+duh/llF1ur6oNwi+2ZzjKZ7g==",
      "dev": true
    },
    "lower-case": {
      "version": "2.0.1",
      "resolved": "https://registry.npmjs.org/lower-case/-/lower-case-2.0.1.tgz",
      "integrity": "sha512-LiWgfDLLb1dwbFQZsSglpRj+1ctGnayXz3Uv0/WO8n558JycT5fg6zkNcnW0G68Nn0aEldTFeEfmjCfmqry/rQ==",
      "dev": true,
      "requires": {
        "tslib": "^1.10.0"
      }
    },
    "no-case": {
      "version": "3.0.3",
      "resolved": "https://registry.npmjs.org/no-case/-/no-case-3.0.3.tgz",
      "integrity": "sha512-ehY/mVQCf9BL0gKfsJBvFJen+1V//U+0HQMPrWct40ixE4jnv0bfvxDbWtAHL9EcaPEOJHVVYKoQn1TlZUB8Tw==",
      "dev": true,
      "requires": {
        "lower-case": "^2.0.1",
        "tslib": "^1.10.0"
      }
    },
    "prettier": {
      "version": "2.0.5",
      "resolved": "https://registry.npmjs.org/prettier/-/prettier-2.0.5.tgz",
      "integrity": "sha512-7PtVymN48hGcO4fGjybyBSIWDsLU4H4XlvOHfq91pz9kkGlonzwTfYkaIEwiRg/dAJF9YlbsduBAgtYLi+8cFg==",
      "dev": true
    },
    "prettier-linter-helpers": {
      "version": "1.0.0",
      "resolved": "https://registry.npmjs.org/prettier-linter-helpers/-/prettier-linter-helpers-1.0.0.tgz",
      "integrity": "sha512-GbK2cP9nraSSUF9N2XwUwqfzlAFlMNYYl+ShE/V+H8a9uNl/oUqB1w2EL54Jh0OlyRSd8RfWYJ3coVS4TROP2w==",
      "dev": true,
      "requires": {
        "fast-diff": "^1.1.2"
      }
    },
    "snake-case": {
      "version": "3.0.3",
      "resolved": "https://registry.npmjs.org/snake-case/-/snake-case-3.0.3.tgz",
      "integrity": "sha512-WM1sIXEO+rsAHBKjGf/6R1HBBcgbncKS08d2Aqec/mrDSpU80SiOU41hO7ny6DToHSyrlwTYzQBIK1FPSx4Y3Q==",
      "dev": true,
      "requires": {
        "dot-case": "^3.0.3",
        "tslib": "^1.10.0"
      }
    },
    "tslib": {
      "version": "1.13.0",
      "resolved": "https://registry.npmjs.org/tslib/-/tslib-1.13.0.tgz",
      "integrity": "sha512-i/6DQjL8Xf3be4K/E6Wgpekn5Qasl1usyw++dAA35Ue5orEn65VIxOA+YvNNl9HV3qv70T7CNwjODHZrLwvd1Q==",
      "dev": true
    }
  }
}
